
Microsoft Visual Studio Solution File, Format Version 12.00
# Visual Studio Version 16
VisualStudioVersion = 16.0.31702.278
MinimumVisualStudioVersion = 10.0.40219.1
Project("{FAE04EC0-301F-11D3-BF4B-00C04F79EFBC}") = "Hw1_選課系統", "Hw1_選課系統\Hw1_選課系統.csproj", "{491021EA-5E9E-4778-8A1A-A3E6635280E2}"
EndProject
Project("{FAE04EC0-301F-11D3-BF4B-00C04F79EFBC}") = "Hw1_選課系統Tests", "Hw1_選課系統Tests\Hw1_選課系統Tests.csproj", "{A2B825A3-9F4F-4C1B-A77E-29E9AE4F32ED}"
EndProject
Global
	GlobalSection(SolutionConfigurationPlatforms) = preSolution
		Debug|Any CPU = Debug|Any CPU
		Release|Any CPU = Release|Any CPU
	EndGlobalSection
	GlobalSection(ProjectConfigurationPlatforms) = postSolution
		{491021EA-5E9E-4778-8A1A-A3E6635280E2}.Debug|Any CPU.ActiveCfg = Debug|Any CPU
		{491021EA-5E9E-4778-8A1A-A3E6635280E2}.Debug|Any CPU.Build.0 = Debug|Any CPU
		{491021EA-5E9E-4778-8A1A-A3E6635280E2}.Release|Any CPU.ActiveCfg = Release|Any CPU
		{491021EA-5E9E-4778-8A1A-A3E6635280E2}.Release|Any CPU.Build.0 = Release|Any CPU
		{A2B825A3-9F4F-4C1B-A77E-29E9AE4F32ED}.Debug|Any CPU.ActiveCfg = Debug|Any CPU
		{A2B825A3-9F4F-4C1B-A77E-29E9AE4F32ED}.Debug|Any CPU.Build.0 = Debug|Any CPU
		{A2B825A3-9F4F-4C1B-A77E-29E9AE4F32ED}.Release|Any CPU.ActiveCfg = Release|Any CPU
		{A2B825A3-9F4F-4C1B-A77E-29E9AE4F32ED}.Release|Any CPU.Build.0 = Release|Any CPU
	EndGlobalSection
	GlobalSection(SolutionProperties) = preSolution
		HideSolutionNode = FALSE
	EndGlobalSection
	GlobalSection(ExtensibilityGlobals) = postSolution
		SolutionGuid = {D6005026-539B-4DEE-8FA5-10BABCCC47C8}
	EndGlobalSection
EndGlobal
